
Microsoft Visual Studio Solution File, Format Version 12.00
# Visual Studio Version 17
VisualStudioVersion = 17.11.35303.130
MinimumVisualStudioVersion = 10.0.40219.1
Project("{FAE04EC0-301F-11D3-BF4B-00C04F79EFBC}") = "student", "student\student.csproj", "{DD0CCD11-B4DE-42CF-9FEA-0A12F7E935E8}"
EndProject
Global
	GlobalSection(SolutionConfigurationPlatforms) = preSolution
		Debug|Any CPU = Debug|Any CPU
		Release|Any CPU = Release|Any CPU
	EndGlobalSection
	GlobalSection(ProjectConfigurationPlatforms) = postSolution
		{DD0CCD11-B4DE-42CF-9FEA-0A12F7E935E8}.Debug|Any CPU.ActiveCfg = Debug|Any CPU
		{DD0CCD11-B4DE-42CF-9FEA-0A12F7E935E8}.Debug|Any CPU.Build.0 = Debug|Any CPU
		{DD0CCD11-B4DE-42CF-9FEA-0A12F7E935E8}.Release|Any CPU.ActiveCfg = Release|Any CPU
		{DD0CCD11-B4DE-42CF-9FEA-0A12F7E935E8}.Release|Any CPU.Build.0 = Release|Any CPU
	EndGlobalSection
	GlobalSection(SolutionProperties) = preSolution
		HideSolutionNode = FALSE
	EndGlobalSection
	GlobalSection(ExtensibilityGlobals) = postSolution
		SolutionGuid = {99D61E05-003F-4E37-96DF-2C8362D28037}
	EndGlobalSection
EndGlobal
